
Microsoft Visual Studio Solution File, Format Version 12.00
# Visual Studio Version 16
VisualStudioVersion = 16.0.29102.190
MinimumVisualStudioVersion = 10.0.40219.1
Project("{FAE04EC0-301F-11D3-BF4B-00C04F79EFBC}") = "dotNetConf", "dotNetConf.csproj", "{8A3E0C7D-F167-4760-92E5-4B090E2D54E1}"
EndProject
Project("{FAE04EC0-301F-11D3-BF4B-00C04F79EFBC}") = "dotNetConf01", "..\dotNetConf01\dotNetConf01.csproj", "{22ED7C1C-B8C7-474E-BA53-4CC735BF66C9}"
EndProject
Project("{FAE04EC0-301F-11D3-BF4B-00C04F79EFBC}") = "9meetup", "..\9meetup\9meetup.csproj", "{62E15BF1-CCFD-4999-A165-86491F3183A4}"
EndProject
Global
	GlobalSection(SolutionConfigurationPlatforms) = preSolution
		Debug|Any CPU = Debug|Any CPU
		Release|Any CPU = Release|Any CPU
	EndGlobalSection
	GlobalSection(ProjectConfigurationPlatforms) = postSolution
		{8A3E0C7D-F167-4760-92E5-4B090E2D54E1}.Debug|Any CPU.ActiveCfg = Debug|Any CPU
		{8A3E0C7D-F167-4760-92E5-4B090E2D54E1}.Debug|Any CPU.Build.0 = Debug|Any CPU
		{8A3E0C7D-F167-4760-92E5-4B090E2D54E1}.Release|Any CPU.ActiveCfg = Release|Any CPU
		{8A3E0C7D-F167-4760-92E5-4B090E2D54E1}.Release|Any CPU.Build.0 = Release|Any CPU
		{22ED7C1C-B8C7-474E-BA53-4CC735BF66C9}.Debug|Any CPU.ActiveCfg = Debug|Any CPU
		{22ED7C1C-B8C7-474E-BA53-4CC735BF66C9}.Debug|Any CPU.Build.0 = Debug|Any CPU
		{22ED7C1C-B8C7-474E-BA53-4CC735BF66C9}.Release|Any CPU.ActiveCfg = Release|Any CPU
		{22ED7C1C-B8C7-474E-BA53-4CC735BF66C9}.Release|Any CPU.Build.0 = Release|Any CPU
		{62E15BF1-CCFD-4999-A165-86491F3183A4}.Debug|Any CPU.ActiveCfg = Debug|Any CPU
		{62E15BF1-CCFD-4999-A165-86491F3183A4}.Debug|Any CPU.Build.0 = Debug|Any CPU
		{62E15BF1-CCFD-4999-A165-86491F3183A4}.Release|Any CPU.ActiveCfg = Release|Any CPU
		{62E15BF1-CCFD-4999-A165-86491F3183A4}.Release|Any CPU.Build.0 = Release|Any CPU
	EndGlobalSection
	GlobalSection(SolutionProperties) = preSolution
		HideSolutionNode = FALSE
	EndGlobalSection
	GlobalSection(ExtensibilityGlobals) = postSolution
		SolutionGuid = {8FB95B7A-F069-40E1-87F6-16B39EF756EF}
	EndGlobalSection
EndGlobal
